// !$*UTF8*$!
{
	archiveVersion = 1;
	classes = {
	};
	objectVersion = 56;
	objects = {

/* Begin PBXBuildFile section */
		5E42047D2A8DF557006C60E7 /* AppDelegate.swift in Sources */ = {isa = PBXBuildFile; fileRef = 5E42047C2A8DF557006C60E7 /* AppDelegate.swift */; };
		5E42047F2A8DF557006C60E7 /* SceneDelegate.swift in Sources */ = {isa = PBXBuildFile; fileRef = 5E42047E2A8DF557006C60E7 /* SceneDelegate.swift */; };
		5E4204862A8DF559006C60E7 /* Assets.xcassets in Resources */ = {isa = PBXBuildFile; fileRef = 5E4204852A8DF559006C60E7 /* Assets.xcassets */; };
		5E4204892A8DF559006C60E7 /* LaunchScreen.storyboard in Resources */ = {isa = PBXBuildFile; fileRef = 5E4204872A8DF559006C60E7 /* LaunchScreen.storyboard */; };
		5E4204952A8DF6B1006C60E7 /* MainView.swift in Sources */ = {isa = PBXBuildFile; fileRef = 5E4204942A8DF6B1006C60E7 /* MainView.swift */; };
		5E4204972A8DF6BD006C60E7 /* MainViewModel.swift in Sources */ = {isa = PBXBuildFile; fileRef = 5E4204962A8DF6BD006C60E7 /* MainViewModel.swift */; };
		5E42049A2A8DF6F3006C60E7 /* CharacterInfoView.swift in Sources */ = {isa = PBXBuildFile; fileRef = 5E4204992A8DF6F3006C60E7 /* CharacterInfoView.swift */; };
		5E42049C2A8DF715006C60E7 /* CharacterInfoViewModel.swift in Sources */ = {isa = PBXBuildFile; fileRef = 5E42049B2A8DF715006C60E7 /* CharacterInfoViewModel.swift */; };
		5E4204A02A8DF80F006C60E7 /* JSONModel.swift in Sources */ = {isa = PBXBuildFile; fileRef = 5E42049F2A8DF80F006C60E7 /* JSONModel.swift */; };
		5E4204A62A8DFF6B006C60E7 /* StorageService.swift in Sources */ = {isa = PBXBuildFile; fileRef = 5E4204A52A8DFF6B006C60E7 /* StorageService.swift */; };
		5E4204A82A8DFF7A006C60E7 /* StorageServiceProtocol.swift in Sources */ = {isa = PBXBuildFile; fileRef = 5E4204A72A8DFF7A006C60E7 /* StorageServiceProtocol.swift */; };
		5E4204AA2A8DFF8A006C60E7 /* LocalStorage.swift in Sources */ = {isa = PBXBuildFile; fileRef = 5E4204A92A8DFF8A006C60E7 /* LocalStorage.swift */; };
		5E4204AC2A8E00FA006C60E7 /* NetworkManager.swift in Sources */ = {isa = PBXBuildFile; fileRef = 5E4204AB2A8E00FA006C60E7 /* NetworkManager.swift */; };
		5E4204AF2A8E0110006C60E7 /* NetworkService.swift in Sources */ = {isa = PBXBuildFile; fileRef = 5E4204AE2A8E0110006C60E7 /* NetworkService.swift */; };
		5E4204B12A8E012B006C60E7 /* NetworkServiceProtocol.swift in Sources */ = {isa = PBXBuildFile; fileRef = 5E4204B02A8E012B006C60E7 /* NetworkServiceProtocol.swift */; };
		5E4204B32A8E1EFB006C60E7 /* ResultCharacter.swift in Sources */ = {isa = PBXBuildFile; fileRef = 5E4204B22A8E1EFB006C60E7 /* ResultCharacter.swift */; };
		5E4204B52A8E374F006C60E7 /* MainViewModelProtocol.swift in Sources */ = {isa = PBXBuildFile; fileRef = 5E4204B42A8E374F006C60E7 /* MainViewModelProtocol.swift */; };
		5E4204B92A8E4771006C60E7 /* PersonCell.swift in Sources */ = {isa = PBXBuildFile; fileRef = 5E4204B82A8E4771006C60E7 /* PersonCell.swift */; };
		5E4204BB2A8E50ED006C60E7 /* Extension + UIColor.swift in Sources */ = {isa = PBXBuildFile; fileRef = 5E4204BA2A8E50ED006C60E7 /* Extension + UIColor.swift */; };
		5EB6BA982A8EA26F00645F45 /* InfoCell.swift in Sources */ = {isa = PBXBuildFile; fileRef = 5EB6BA972A8EA26F00645F45 /* InfoCell.swift */; };
		5EB6BA9A2A8EA32A00645F45 /* Extension + UIView.swift in Sources */ = {isa = PBXBuildFile; fileRef = 5EB6BA992A8EA32A00645F45 /* Extension + UIView.swift */; };
		5EB6BA9C2A8EA9B500645F45 /* Extension + UIFont.swift in Sources */ = {isa = PBXBuildFile; fileRef = 5EB6BA9B2A8EA9B500645F45 /* Extension + UIFont.swift */; };
		5EB6BA9E2A8F795800645F45 /* EpisodeCell.swift in Sources */ = {isa = PBXBuildFile; fileRef = 5EB6BA9D2A8F795800645F45 /* EpisodeCell.swift */; };
		5EB6BAA02A8F7CC400645F45 /* OriginCell.swift in Sources */ = {isa = PBXBuildFile; fileRef = 5EB6BA9F2A8F7CC400645F45 /* OriginCell.swift */; };
		5EB6BAA42A8F806D00645F45 /* Extension + UIImage.swift in Sources */ = {isa = PBXBuildFile; fileRef = 5EB6BAA32A8F806D00645F45 /* Extension + UIImage.swift */; };
/* End PBXBuildFile section */

/* Begin PBXFileReference section */
		5E4204792A8DF557006C60E7 /* RickAndMorty.app */ = {isa = PBXFileReference; explicitFileType = wrapper.application; includeInIndex = 0; path = RickAndMorty.app; sourceTree = BUILT_PRODUCTS_DIR; };
		5E42047C2A8DF557006C60E7 /* AppDelegate.swift */ = {isa = PBXFileReference; lastKnownFileType = sourcecode.swift; path = AppDelegate.swift; sourceTree = "<group>"; };
		5E42047E2A8DF557006C60E7 /* SceneDelegate.swift */ = {isa = PBXFileReference; lastKnownFileType = sourcecode.swift; path = SceneDelegate.swift; sourceTree = "<group>"; };
		5E4204852A8DF559006C60E7 /* Assets.xcassets */ = {isa = PBXFileReference; lastKnownFileType = folder.assetcatalog; path = Assets.xcassets; sourceTree = "<group>"; };
		5E4204882A8DF559006C60E7 /* Base */ = {isa = PBXFileReference; lastKnownFileType = file.storyboard; name = Base; path = Base.lproj/LaunchScreen.storyboard; sourceTree = "<group>"; };
		5E42048A2A8DF559006C60E7 /* Info.plist */ = {isa = PBXFileReference; lastKnownFileType = text.plist.xml; path = Info.plist; sourceTree = "<group>"; };
		5E4204942A8DF6B1006C60E7 /* MainView.swift */ = {isa = PBXFileReference; lastKnownFileType = sourcecode.swift; path = MainView.swift; sourceTree = "<group>"; };
		5E4204962A8DF6BD006C60E7 /* MainViewModel.swift */ = {isa = PBXFileReference; lastKnownFileType = sourcecode.swift; path = MainViewModel.swift; sourceTree = "<group>"; };
		5E4204992A8DF6F3006C60E7 /* CharacterInfoView.swift */ = {isa = PBXFileReference; lastKnownFileType = sourcecode.swift; path = CharacterInfoView.swift; sourceTree = "<group>"; };
		5E42049B2A8DF715006C60E7 /* CharacterInfoViewModel.swift */ = {isa = PBXFileReference; lastKnownFileType = sourcecode.swift; path = CharacterInfoViewModel.swift; sourceTree = "<group>"; };
		5E42049F2A8DF80F006C60E7 /* JSONModel.swift */ = {isa = PBXFileReference; lastKnownFileType = sourcecode.swift; path = JSONModel.swift; sourceTree = "<group>"; };
		5E4204A52A8DFF6B006C60E7 /* StorageService.swift */ = {isa = PBXFileReference; lastKnownFileType = sourcecode.swift; path = StorageService.swift; sourceTree = "<group>"; };
		5E4204A72A8DFF7A006C60E7 /* StorageServiceProtocol.swift */ = {isa = PBXFileReference; lastKnownFileType = sourcecode.swift; path = StorageServiceProtocol.swift; sourceTree = "<group>"; };
		5E4204A92A8DFF8A006C60E7 /* LocalStorage.swift */ = {isa = PBXFileReference; lastKnownFileType = sourcecode.swift; path = LocalStorage.swift; sourceTree = "<group>"; };
		5E4204AB2A8E00FA006C60E7 /* NetworkManager.swift */ = {isa = PBXFileReference; lastKnownFileType = sourcecode.swift; path = NetworkManager.swift; sourceTree = "<group>"; };
		5E4204AE2A8E0110006C60E7 /* NetworkService.swift */ = {isa = PBXFileReference; lastKnownFileType = sourcecode.swift; path = NetworkService.swift; sourceTree = "<group>"; };
		5E4204B02A8E012B006C60E7 /* NetworkServiceProtocol.swift */ = {isa = PBXFileReference; lastKnownFileType = sourcecode.swift; path = NetworkServiceProtocol.swift; sourceTree = "<group>"; };
		5E4204B22A8E1EFB006C60E7 /* ResultCharacter.swift */ = {isa = PBXFileReference; lastKnownFileType = sourcecode.swift; path = ResultCharacter.swift; sourceTree = "<group>"; };
		5E4204B42A8E374F006C60E7 /* MainViewModelProtocol.swift */ = {isa = PBXFileReference; lastKnownFileType = sourcecode.swift; path = MainViewModelProtocol.swift; sourceTree = "<group>"; };
		5E4204B82A8E4771006C60E7 /* PersonCell.swift */ = {isa = PBXFileReference; lastKnownFileType = sourcecode.swift; path = PersonCell.swift; sourceTree = "<group>"; };
		5E4204BA2A8E50ED006C60E7 /* Extension + UIColor.swift */ = {isa = PBXFileReference; lastKnownFileType = sourcecode.swift; path = "Extension + UIColor.swift"; sourceTree = "<group>"; };
		5EB6BA972A8EA26F00645F45 /* InfoCell.swift */ = {isa = PBXFileReference; lastKnownFileType = sourcecode.swift; path = InfoCell.swift; sourceTree = "<group>"; };
		5EB6BA992A8EA32A00645F45 /* Extension + UIView.swift */ = {isa = PBXFileReference; lastKnownFileType = sourcecode.swift; path = "Extension + UIView.swift"; sourceTree = "<group>"; };
		5EB6BA9B2A8EA9B500645F45 /* Extension + UIFont.swift */ = {isa = PBXFileReference; lastKnownFileType = sourcecode.swift; path = "Extension + UIFont.swift"; sourceTree = "<group>"; };
		5EB6BA9D2A8F795800645F45 /* EpisodeCell.swift */ = {isa = PBXFileReference; lastKnownFileType = sourcecode.swift; path = EpisodeCell.swift; sourceTree = "<group>"; };
		5EB6BA9F2A8F7CC400645F45 /* OriginCell.swift */ = {isa = PBXFileReference; lastKnownFileType = sourcecode.swift; path = OriginCell.swift; sourceTree = "<group>"; };
		5EB6BAA32A8F806D00645F45 /* Extension + UIImage.swift */ = {isa = PBXFileReference; lastKnownFileType = sourcecode.swift; path = "Extension + UIImage.swift"; sourceTree = "<group>"; };
/* End PBXFileReference section */

/* Begin PBXFrameworksBuildPhase section */
		5E4204762A8DF557006C60E7 /* Frameworks */ = {
			isa = PBXFrameworksBuildPhase;
			buildActionMask = 2147483647;
			files = (
			);
			runOnlyForDeploymentPostprocessing = 0;
		};
/* End PBXFrameworksBuildPhase section */

/* Begin PBXGroup section */
		5E4204702A8DF557006C60E7 = {
			isa = PBXGroup;
			children = (
				5E42047B2A8DF557006C60E7 /* RickAndMorty */,
				5E42047A2A8DF557006C60E7 /* Products */,
			);
			sourceTree = "<group>";
		};
		5E42047A2A8DF557006C60E7 /* Products */ = {
			isa = PBXGroup;
			children = (
				5E4204792A8DF557006C60E7 /* RickAndMorty.app */,
			);
			name = Products;
			sourceTree = "<group>";
		};
		5E42047B2A8DF557006C60E7 /* RickAndMorty */ = {
			isa = PBXGroup;
			children = (
				5E42047C2A8DF557006C60E7 /* AppDelegate.swift */,
				5E42047E2A8DF557006C60E7 /* SceneDelegate.swift */,
				5E4204912A8DF669006C60E7 /* Helper */,
				5E4204902A8DF663006C60E7 /* Model */,
				5E4204922A8DF671006C60E7 /* Views */,
				5E4204852A8DF559006C60E7 /* Assets.xcassets */,
				5E4204872A8DF559006C60E7 /* LaunchScreen.storyboard */,
				5E42048A2A8DF559006C60E7 /* Info.plist */,
			);
			path = RickAndMorty;
			sourceTree = "<group>";
		};
		5E4204902A8DF663006C60E7 /* Model */ = {
			isa = PBXGroup;
			children = (
				5E4204B22A8E1EFB006C60E7 /* ResultCharacter.swift */,
				5E4204A32A8DFF54006C60E7 /* StorageService */,
				5E42049E2A8DF802006C60E7 /* NetworkService */,
			);
			path = Model;
			sourceTree = "<group>";
		};
		5E4204912A8DF669006C60E7 /* Helper */ = {
			isa = PBXGroup;
			children = (
				5E4204BA2A8E50ED006C60E7 /* Extension + UIColor.swift */,
				5EB6BA992A8EA32A00645F45 /* Extension + UIView.swift */,
				5EB6BA9B2A8EA9B500645F45 /* Extension + UIFont.swift */,
				5EB6BAA32A8F806D00645F45 /* Extension + UIImage.swift */,
			);
			path = Helper;
			sourceTree = "<group>";
		};
		5E4204922A8DF671006C60E7 /* Views */ = {
			isa = PBXGroup;
			children = (
				5E4204982A8DF6D0006C60E7 /* CharacterInfoScreen */,
				5E4204932A8DF68C006C60E7 /* MainScreen */,
			);
			path = Views;
			sourceTree = "<group>";
		};
		5E4204932A8DF68C006C60E7 /* MainScreen */ = {
			isa = PBXGroup;
			children = (
				5E4204942A8DF6B1006C60E7 /* MainView.swift */,
				5E4204962A8DF6BD006C60E7 /* MainViewModel.swift */,
				5E4204B42A8E374F006C60E7 /* MainViewModelProtocol.swift */,
				5E4204B62A8E475F006C60E7 /* Cell */,
			);
			path = MainScreen;
			sourceTree = "<group>";
		};
		5E4204982A8DF6D0006C60E7 /* CharacterInfoScreen */ = {
			isa = PBXGroup;
			children = (
				5E4204992A8DF6F3006C60E7 /* CharacterInfoView.swift */,
				5E42049B2A8DF715006C60E7 /* CharacterInfoViewModel.swift */,
				5EB6BA962A8EA25500645F45 /* Headers */,
				5EB6BA952A8EA24900645F45 /* Cells */,
			);
			path = CharacterInfoScreen;
			sourceTree = "<group>";
		};
		5E42049E2A8DF802006C60E7 /* NetworkService */ = {
			isa = PBXGroup;
			children = (
				5E42049F2A8DF80F006C60E7 /* JSONModel.swift */,
				5E4204AB2A8E00FA006C60E7 /* NetworkManager.swift */,
				5E4204B02A8E012B006C60E7 /* NetworkServiceProtocol.swift */,
				5E4204AE2A8E0110006C60E7 /* NetworkService.swift */,
			);
			path = NetworkService;
			sourceTree = "<group>";
		};
		5E4204A32A8DFF54006C60E7 /* StorageService */ = {
			isa = PBXGroup;
			children = (
				5E4204A52A8DFF6B006C60E7 /* StorageService.swift */,
				5E4204A72A8DFF7A006C60E7 /* StorageServiceProtocol.swift */,
				5E4204A92A8DFF8A006C60E7 /* LocalStorage.swift */,
			);
			path = StorageService;
			sourceTree = "<group>";
		};
		5E4204B62A8E475F006C60E7 /* Cell */ = {
			isa = PBXGroup;
			children = (
				5E4204B82A8E4771006C60E7 /* PersonCell.swift */,
			);
			path = Cell;
			sourceTree = "<group>";
		};
		5EB6BA952A8EA24900645F45 /* Cells */ = {
			isa = PBXGroup;
			children = (
				5EB6BA972A8EA26F00645F45 /* InfoCell.swift */,
				5EB6BA9D2A8F795800645F45 /* EpisodeCell.swift */,
				5EB6BA9F2A8F7CC400645F45 /* OriginCell.swift */,
			);
			path = Cells;
			sourceTree = "<group>";
		};
		5EB6BA962A8EA25500645F45 /* Headers */ = {
			isa = PBXGroup;
			children = (
			);
			path = Headers;
			sourceTree = "<group>";
		};
/* End PBXGroup section */

/* Begin PBXNativeTarget section */
		5E4204782A8DF557006C60E7 /* RickAndMorty */ = {
			isa = PBXNativeTarget;
			buildConfigurationList = 5E42048D2A8DF559006C60E7 /* Build configuration list for PBXNativeTarget "RickAndMorty" */;
			buildPhases = (
				5E4204752A8DF557006C60E7 /* Sources */,
				5E4204762A8DF557006C60E7 /* Frameworks */,
				5E4204772A8DF557006C60E7 /* Resources */,
			);
			buildRules = (
			);
			dependencies = (
			);
			name = RickAndMorty;
			productName = RickAndMorty;
			productReference = 5E4204792A8DF557006C60E7 /* RickAndMorty.app */;
			productType = "com.apple.product-type.application";
		};
/* End PBXNativeTarget section */

/* Begin PBXProject section */
		5E4204712A8DF557006C60E7 /* Project object */ = {
			isa = PBXProject;
			attributes = {
				BuildIndependentTargetsInParallel = 1;
				LastSwiftUpdateCheck = 1430;
				LastUpgradeCheck = 1430;
				TargetAttributes = {
					5E4204782A8DF557006C60E7 = {
						CreatedOnToolsVersion = 14.3;
					};
				};
			};
			buildConfigurationList = 5E4204742A8DF557006C60E7 /* Build configuration list for PBXProject "RickAndMorty" */;
			compatibilityVersion = "Xcode 14.0";
			developmentRegion = en;
			hasScannedForEncodings = 0;
			knownRegions = (
				en,
				Base,
			);
			mainGroup = 5E4204702A8DF557006C60E7;
			productRefGroup = 5E42047A2A8DF557006C60E7 /* Products */;
			projectDirPath = "";
			projectRoot = "";
			targets = (
				5E4204782A8DF557006C60E7 /* RickAndMorty */,
			);
		};
/* End PBXProject section */

/* Begin PBXResourcesBuildPhase section */
		5E4204772A8DF557006C60E7 /* Resources */ = {
			isa = PBXResourcesBuildPhase;
			buildActionMask = 2147483647;
			files = (
				5E4204892A8DF559006C60E7 /* LaunchScreen.storyboard in Resources */,
				5E4204862A8DF559006C60E7 /* Assets.xcassets in Resources */,
			);
			runOnlyForDeploymentPostprocessing = 0;
		};
/* End PBXResourcesBuildPhase section */

/* Begin PBXSourcesBuildPhase section */
		5E4204752A8DF557006C60E7 /* Sources */ = {
			isa = PBXSourcesBuildPhase;
			buildActionMask = 2147483647;
			files = (
				5E4204AA2A8DFF8A006C60E7 /* LocalStorage.swift in Sources */,
				5E4204B12A8E012B006C60E7 /* NetworkServiceProtocol.swift in Sources */,
				5E4204B92A8E4771006C60E7 /* PersonCell.swift in Sources */,
				5E42047D2A8DF557006C60E7 /* AppDelegate.swift in Sources */,
				5E4204AF2A8E0110006C60E7 /* NetworkService.swift in Sources */,
				5EB6BA982A8EA26F00645F45 /* InfoCell.swift in Sources */,
				5E4204B32A8E1EFB006C60E7 /* ResultCharacter.swift in Sources */,
				5E42049A2A8DF6F3006C60E7 /* CharacterInfoView.swift in Sources */,
				5EB6BA9C2A8EA9B500645F45 /* Extension + UIFont.swift in Sources */,
				5E4204B52A8E374F006C60E7 /* MainViewModelProtocol.swift in Sources */,
				5EB6BA9A2A8EA32A00645F45 /* Extension + UIView.swift in Sources */,
				5EB6BA9E2A8F795800645F45 /* EpisodeCell.swift in Sources */,
				5E42049C2A8DF715006C60E7 /* CharacterInfoViewModel.swift in Sources */,
				5E4204AC2A8E00FA006C60E7 /* NetworkManager.swift in Sources */,
				5E4204972A8DF6BD006C60E7 /* MainViewModel.swift in Sources */,
				5EB6BAA02A8F7CC400645F45 /* OriginCell.swift in Sources */,
				5E4204A02A8DF80F006C60E7 /* JSONModel.swift in Sources */,
				5E4204BB2A8E50ED006C60E7 /* Extension + UIColor.swift in Sources */,
				5E4204952A8DF6B1006C60E7 /* MainView.swift in Sources */,
				5EB6BAA42A8F806D00645F45 /* Extension + UIImage.swift in Sources */,
				5E4204A62A8DFF6B006C60E7 /* StorageService.swift in Sources */,
				5E42047F2A8DF557006C60E7 /* SceneDelegate.swift in Sources */,
				5E4204A82A8DFF7A006C60E7 /* StorageServiceProtocol.swift in Sources */,
			);
			runOnlyForDeploymentPostprocessing = 0;
		};
/* End PBXSourcesBuildPhase section */

/* Begin PBXVariantGroup section */
		5E4204872A8DF559006C60E7 /* LaunchScreen.storyboard */ = {
			isa = PBXVariantGroup;
			children = (
				5E4204882A8DF559006C60E7 /* Base */,
			);
			name = LaunchScreen.storyboard;
			sourceTree = "<group>";
		};
/* End PBXVariantGroup section */

/* Begin XCBuildConfiguration section */
		5E42048B2A8DF559006C60E7 /* Debug */ = {
			isa = XCBuildConfiguration;
			buildSettings = {
				ALWAYS_SEARCH_USER_PATHS = NO;
				CLANG_ANALYZER_NONNULL = YES;
				CLANG_ANALYZER_NUMBER_OBJECT_CONVERSION = YES_AGGRESSIVE;
				CLANG_CXX_LANGUAGE_STANDARD = "gnu++20";
				CLANG_ENABLE_MODULES = YES;
				CLANG_ENABLE_OBJC_ARC = YES;
				CLANG_ENABLE_OBJC_WEAK = YES;
				CLANG_WARN_BLOCK_CAPTURE_AUTORELEASING = YES;
				CLANG_WARN_BOOL_CONVERSION = YES;
				CLANG_WARN_COMMA = YES;
				CLANG_WARN_CONSTANT_CONVERSION = YES;
				CLANG_WARN_DEPRECATED_OBJC_IMPLEMENTATIONS = YES;
				CLANG_WARN_DIRECT_OBJC_ISA_USAGE = YES_ERROR;
				CLANG_WARN_DOCUMENTATION_COMMENTS = YES;
				CLANG_WARN_EMPTY_BODY = YES;
				CLANG_WARN_ENUM_CONVERSION = YES;
				CLANG_WARN_INFINITE_RECURSION = YES;
				CLANG_WARN_INT_CONVERSION = YES;
				CLANG_WARN_NON_LITERAL_NULL_CONVERSION = YES;
				CLANG_WARN_OBJC_IMPLICIT_RETAIN_SELF = YES;
				CLANG_WARN_OBJC_LITERAL_CONVERSION = YES;
				CLANG_WARN_OBJC_ROOT_CLASS = YES_ERROR;
				CLANG_WARN_QUOTED_INCLUDE_IN_FRAMEWORK_HEADER = YES;
				CLANG_WARN_RANGE_LOOP_ANALYSIS = YES;
				CLANG_WARN_STRICT_PROTOTYPES = YES;
				CLANG_WARN_SUSPICIOUS_MOVE = YES;
				CLANG_WARN_UNGUARDED_AVAILABILITY = YES_AGGRESSIVE;
				CLANG_WARN_UNREACHABLE_CODE = YES;
				CLANG_WARN__DUPLICATE_METHOD_MATCH = YES;
				COPY_PHASE_STRIP = NO;
				DEBUG_INFORMATION_FORMAT = dwarf;
				ENABLE_STRICT_OBJC_MSGSEND = YES;
				ENABLE_TESTABILITY = YES;
				GCC_C_LANGUAGE_STANDARD = gnu11;
				GCC_DYNAMIC_NO_PIC = NO;
				GCC_NO_COMMON_BLOCKS = YES;
				GCC_OPTIMIZATION_LEVEL = 0;
				GCC_PREPROCESSOR_DEFINITIONS = (
					"DEBUG=1",
					"$(inherited)",
				);
				GCC_WARN_64_TO_32_BIT_CONVERSION = YES;
				GCC_WARN_ABOUT_RETURN_TYPE = YES_ERROR;
				GCC_WARN_UNDECLARED_SELECTOR = YES;
				GCC_WARN_UNINITIALIZED_AUTOS = YES_AGGRESSIVE;
				GCC_WARN_UNUSED_FUNCTION = YES;
				GCC_WARN_UNUSED_VARIABLE = YES;
				IPHONEOS_DEPLOYMENT_TARGET = 16.4;
				MTL_ENABLE_DEBUG_INFO = INCLUDE_SOURCE;
				MTL_FAST_MATH = YES;
				ONLY_ACTIVE_ARCH = YES;
				SDKROOT = iphoneos;
				SWIFT_ACTIVE_COMPILATION_CONDITIONS = DEBUG;
				SWIFT_OPTIMIZATION_LEVEL = "-Onone";
			};
			name = Debug;
		};
		5E42048C2A8DF559006C60E7 /* Release */ = {
			isa = XCBuildConfiguration;
			buildSettings = {
				ALWAYS_SEARCH_USER_PATHS = NO;
				CLANG_ANALYZER_NONNULL = YES;
				CLANG_ANALYZER_NUMBER_OBJECT_CONVERSION = YES_AGGRESSIVE;
				CLANG_CXX_LANGUAGE_STANDARD = "gnu++20";
				CLANG_ENABLE_MODULES = YES;
				CLANG_ENABLE_OBJC_ARC = YES;
				CLANG_ENABLE_OBJC_WEAK = YES;
				CLANG_WARN_BLOCK_CAPTURE_AUTORELEASING = YES;
				CLANG_WARN_BOOL_CONVERSION = YES;
				CLANG_WARN_COMMA = YES;
				CLANG_WARN_CONSTANT_CONVERSION = YES;
				CLANG_WARN_DEPRECATED_OBJC_IMPLEMENTATIONS = YES;
				CLANG_WARN_DIRECT_OBJC_ISA_USAGE = YES_ERROR;
				CLANG_WARN_DOCUMENTATION_COMMENTS = YES;
				CLANG_WARN_EMPTY_BODY = YES;
				CLANG_WARN_ENUM_CONVERSION = YES;
				CLANG_WARN_INFINITE_RECURSION = YES;
				CLANG_WARN_INT_CONVERSION = YES;
				CLANG_WARN_NON_LITERAL_NULL_CONVERSION = YES;
				CLANG_WARN_OBJC_IMPLICIT_RETAIN_SELF = YES;
				CLANG_WARN_OBJC_LITERAL_CONVERSION = YES;
				CLANG_WARN_OBJC_ROOT_CLASS = YES_ERROR;
				CLANG_WARN_QUOTED_INCLUDE_IN_FRAMEWORK_HEADER = YES;
				CLANG_WARN_RANGE_LOOP_ANALYSIS = YES;
				CLANG_WARN_STRICT_PROTOTYPES = YES;
				CLANG_WARN_SUSPICIOUS_MOVE = YES;
				CLANG_WARN_UNGUARDED_AVAILABILITY = YES_AGGRESSIVE;
				CLANG_WARN_UNREACHABLE_CODE = YES;
				CLANG_WARN__DUPLICATE_METHOD_MATCH = YES;
				COPY_PHASE_STRIP = NO;
				DEBUG_INFORMATION_FORMAT = "dwarf-with-dsym";
				ENABLE_NS_ASSERTIONS = NO;
				ENABLE_STRICT_OBJC_MSGSEND = YES;
				GCC_C_LANGUAGE_STANDARD = gnu11;
				GCC_NO_COMMON_BLOCKS = YES;
				GCC_WARN_64_TO_32_BIT_CONVERSION = YES;
				GCC_WARN_ABOUT_RETURN_TYPE = YES_ERROR;
				GCC_WARN_UNDECLARED_SELECTOR = YES;
				GCC_WARN_UNINITIALIZED_AUTOS = YES_AGGRESSIVE;
				GCC_WARN_UNUSED_FUNCTION = YES;
				GCC_WARN_UNUSED_VARIABLE = YES;
				IPHONEOS_DEPLOYMENT_TARGET = 16.4;
				MTL_ENABLE_DEBUG_INFO = NO;
				MTL_FAST_MATH = YES;
				SDKROOT = iphoneos;
				SWIFT_COMPILATION_MODE = wholemodule;
				SWIFT_OPTIMIZATION_LEVEL = "-O";
				VALIDATE_PRODUCT = YES;
			};
			name = Release;
		};
		5E42048E2A8DF559006C60E7 /* Debug */ = {
			isa = XCBuildConfiguration;
			buildSettings = {
				ASSETCATALOG_COMPILER_APPICON_NAME = AppIcon;
				ASSETCATALOG_COMPILER_GLOBAL_ACCENT_COLOR_NAME = AccentColor;
				CODE_SIGN_STYLE = Automatic;
				CURRENT_PROJECT_VERSION = 1;
				DEVELOPMENT_TEAM = 3UW6R7LBJ3;
				GENERATE_INFOPLIST_FILE = YES;
				INFOPLIST_FILE = RickAndMorty/Info.plist;
				INFOPLIST_KEY_UIApplicationSupportsIndirectInputEvents = YES;
				INFOPLIST_KEY_UILaunchStoryboardName = LaunchScreen;
				INFOPLIST_KEY_UIMainStoryboardFile = "";
				INFOPLIST_KEY_UISupportedInterfaceOrientations_iPad = "UIInterfaceOrientationPortrait UIInterfaceOrientationPortraitUpsideDown UIInterfaceOrientationLandscapeLeft UIInterfaceOrientationLandscapeRight";
				INFOPLIST_KEY_UISupportedInterfaceOrientations_iPhone = "UIInterfaceOrientationPortrait UIInterfaceOrientationLandscapeLeft UIInterfaceOrientationLandscapeRight";
				LD_RUNPATH_SEARCH_PATHS = (
					"$(inherited)",
					"@executable_path/Frameworks",
				);
				MARKETING_VERSION = 1.0;
				PRODUCT_BUNDLE_IDENTIFIER = application.RickAndMorty;
				PRODUCT_NAME = "$(TARGET_NAME)";
				SWIFT_EMIT_LOC_STRINGS = YES;
				SWIFT_VERSION = 5.0;
				TARGETED_DEVICE_FAMILY = "1,2";
			};
			name = Debug;
		};
		5E42048F2A8DF559006C60E7 /* Release */ = {
			isa = XCBuildConfiguration;
			buildSettings = {
				ASSETCATALOG_COMPILER_APPICON_NAME = AppIcon;
				ASSETCATALOG_COMPILER_GLOBAL_ACCENT_COLOR_NAME = AccentColor;
				CODE_SIGN_STYLE = Automatic;
				CURRENT_PROJECT_VERSION = 1;
				DEVELOPMENT_TEAM = 3UW6R7LBJ3;
				GENERATE_INFOPLIST_FILE = YES;
				INFOPLIST_FILE = RickAndMorty/Info.plist;
				INFOPLIST_KEY_UIApplicationSupportsIndirectInputEvents = YES;
				INFOPLIST_KEY_UILaunchStoryboardName = LaunchScreen;
				INFOPLIST_KEY_UIMainStoryboardFile = "";
				INFOPLIST_KEY_UISupportedInterfaceOrientations_iPad = "UIInterfaceOrientationPortrait UIInterfaceOrientationPortraitUpsideDown UIInterfaceOrientationLandscapeLeft UIInterfaceOrientationLandscapeRight";
				INFOPLIST_KEY_UISupportedInterfaceOrientations_iPhone = "UIInterfaceOrientationPortrait UIInterfaceOrientationLandscapeLeft UIInterfaceOrientationLandscapeRight";
				LD_RUNPATH_SEARCH_PATHS = (
					"$(inherited)",
					"@executable_path/Frameworks",
				);
				MARKETING_VERSION = 1.0;
				PRODUCT_BUNDLE_IDENTIFIER = application.RickAndMorty;
				PRODUCT_NAME = "$(TARGET_NAME)";
				SWIFT_EMIT_LOC_STRINGS = YES;
				SWIFT_VERSION = 5.0;
				TARGETED_DEVICE_FAMILY = "1,2";
			};
			name = Release;
		};
/* End XCBuildConfiguration section */

/* Begin XCConfigurationList section */
		5E4204742A8DF557006C60E7 /* Build configuration list for PBXProject "RickAndMorty" */ = {
			isa = XCConfigurationList;
			buildConfigurations = (
				5E42048B2A8DF559006C60E7 /* Debug */,
				5E42048C2A8DF559006C60E7 /* Release */,
			);
			defaultConfigurationIsVisible = 0;
			defaultConfigurationName = Release;
		};
		5E42048D2A8DF559006C60E7 /* Build configuration list for PBXNativeTarget "RickAndMorty" */ = {
			isa = XCConfigurationList;
			buildConfigurations = (
				5E42048E2A8DF559006C60E7 /* Debug */,
				5E42048F2A8DF559006C60E7 /* Release */,
			);
			defaultConfigurationIsVisible = 0;
			defaultConfigurationName = Release;
		};
/* End XCConfigurationList section */
	};
	rootObject = 5E4204712A8DF557006C60E7 /* Project object */;
}
